Microsoft Visual Studio Solution File, Format Version 12.00
# Visual Studio Version 17
VisualStudioVersion = 17.3.32929.385
MinimumVisualStudioVersion = 10.0.40219.1
Project("{FAE04EC0-301F-11D3-BF4B-00C04F79EFBC}") = "BladderMin", "BladderMin\BladderMin.csproj", "{0BCE33E4-9860-4357-A368-8A413A285D6C}"
EndProject
Project("{FAE04EC0-301F-11D3-BF4B-00C04F79EFBC}") = "CNPluginTester", "PluginTester\CNPluginTester.csproj", "{054C0C91-8292-46FD-9DFE-F77BB495A8B0}"
EndProject
Project("{FAE04EC0-301F-11D3-BF4B-00C04F79EFBC}") = "UnitTesting", "UnitTesting\UnitTesting.csproj", "{DC0D6FC4-959D-4C5C-B37E-E1539F5D730F}"
EndProject
Global
	GlobalSection(SolutionConfigurationPlatforms) = preSolution
		Debug|Any CPU = Debug|Any CPU
		Debug|x64 = Debug|x64
		Debug|x86 = Debug|x86
		Release|Any CPU = Release|Any CPU
		Release|x64 = Release|x64
		Release|x86 = Release|x86
	EndGlobalSection
	GlobalSection(ProjectConfigurationPlatforms) = postSolution
		{0BCE33E4-9860-4357-A368-8A413A285D6C}.Debug|Any CPU.ActiveCfg = Debug|Any CPU
		{0BCE33E4-9860-4357-A368-8A413A285D6C}.Debug|Any CPU.Build.0 = Debug|Any CPU
		{0BCE33E4-9860-4357-A368-8A413A285D6C}.Debug|x64.ActiveCfg = Debug|Any CPU
		{0BCE33E4-9860-4357-A368-8A413A285D6C}.Debug|x64.Build.0 = Debug|Any CPU
		{0BCE33E4-9860-4357-A368-8A413A285D6C}.Debug|x86.ActiveCfg = Debug|x86
		{0BCE33E4-9860-4357-A368-8A413A285D6C}.Debug|x86.Build.0 = Debug|x86
		{0BCE33E4-9860-4357-A368-8A413A285D6C}.Release|Any CPU.ActiveCfg = Release|Any CPU
		{0BCE33E4-9860-4357-A368-8A413A285D6C}.Release|Any CPU.Build.0 = Release|Any CPU
		{0BCE33E4-9860-4357-A368-8A413A285D6C}.Release|x64.ActiveCfg = Release|Any CPU
		{0BCE33E4-9860-4357-A368-8A413A285D6C}.Release|x64.Build.0 = Release|Any CPU
		{0BCE33E4-9860-4357-A368-8A413A285D6C}.Release|x86.ActiveCfg = Release|x86
		{0BCE33E4-9860-4357-A368-8A413A285D6C}.Release|x86.Build.0 = Release|x86
		{054C0C91-8292-46FD-9DFE-F77BB495A8B0}.Debug|Any CPU.ActiveCfg = Debug|Any CPU
		{054C0C91-8292-46FD-9DFE-F77BB495A8B0}.Debug|Any CPU.Build.0 = Debug|Any CPU
		{054C0C91-8292-46FD-9DFE-F77BB495A8B0}.Debug|x64.ActiveCfg = Debug|Any CPU
		{054C0C91-8292-46FD-9DFE-F77BB495A8B0}.Debug|x64.Build.0 = Debug|Any CPU
		{054C0C91-8292-46FD-9DFE-F77BB495A8B0}.Debug|x86.ActiveCfg = Debug|x86
		{054C0C91-8292-46FD-9DFE-F77BB495A8B0}.Debug|x86.Build.0 = Debug|x86
		{054C0C91-8292-46FD-9DFE-F77BB495A8B0}.Release|Any CPU.ActiveCfg = Release|Any CPU
		{054C0C91-8292-46FD-9DFE-F77BB495A8B0}.Release|Any CPU.Build.0 = Release|Any CPU
		{054C0C91-8292-46FD-9DFE-F77BB495A8B0}.Release|x64.ActiveCfg = Release|Any CPU
		{054C0C91-8292-46FD-9DFE-F77BB495A8B0}.Release|x64.Build.0 = Release|Any CPU
		{054C0C91-8292-46FD-9DFE-F77BB495A8B0}.Release|x86.ActiveCfg = Release|x86
		{054C0C91-8292-46FD-9DFE-F77BB495A8B0}.Release|x86.Build.0 = Release|x86
		{DC0D6FC4-959D-4C5C-B37E-E1539F5D730F}.Debug|Any CPU.ActiveCfg = Debug|Any CPU
		{DC0D6FC4-959D-4C5C-B37E-E1539F5D730F}.Debug|Any CPU.Build.0 = Debug|Any CPU
		{DC0D6FC4-959D-4C5C-B37E-E1539F5D730F}.Debug|x64.ActiveCfg = Debug|Any CPU
		{DC0D6FC4-959D-4C5C-B37E-E1539F5D730F}.Debug|x64.Build.0 = Debug|Any CPU
		{DC0D6FC4-959D-4C5C-B37E-E1539F5D730F}.Debug|x86.ActiveCfg = Debug|x86
		{DC0D6FC4-959D-4C5C-B37E-E1539F5D730F}.Debug|x86.Build.0 = Debug|x86
		{DC0D6FC4-959D-4C5C-B37E-E1539F5D730F}.Release|Any CPU.ActiveCfg = Release|Any CPU
		{DC0D6FC4-959D-4C5C-B37E-E1539F5D730F}.Release|Any CPU.Build.0 = Release|Any CPU
		{DC0D6FC4-959D-4C5C-B37E-E1539F5D730F}.Release|x64.ActiveCfg = Release|Any CPU
		{DC0D6FC4-959D-4C5C-B37E-E1539F5D730F}.Release|x64.Build.0 = Release|Any CPU
		{DC0D6FC4-959D-4C5C-B37E-E1539F5D730F}.Release|x86.ActiveCfg = Release|x86
		{DC0D6FC4-959D-4C5C-B37E-E1539F5D730F}.Release|x86.Build.0 = Release|x86
	EndGlobalSection
	GlobalSection(SolutionProperties) = preSolution
		HideSolutionNode = FALSE
	EndGlobalSection
	GlobalSection(ExtensibilityGlobals) = postSolution
		SolutionGuid = {0E95B64A-3945-4F10-975B-7D32656A73D5}
	EndGlobalSection
EndGlobal
